
Microsoft Visual Studio Solution File, Format Version 12.00
# Visual Studio Version 16
VisualStudioVersion = 16.0.31129.286
MinimumVisualStudioVersion = 10.0.40219.1
Project("{FAE04EC0-301F-11D3-BF4B-00C04F79EFBC}") = "Crypto3", "Crypto3.csproj", "{5F1C70DA-F5E6-45D0-A591-CC0D961AC9FF}"
EndProject
Global
	GlobalSection(SolutionConfigurationPlatforms) = preSolution
		Debug|Any CPU = Debug|Any CPU
		Release|Any CPU = Release|Any CPU
	EndGlobalSection
	GlobalSection(ProjectConfigurationPlatforms) = postSolution
		{5F1C70DA-F5E6-45D0-A591-CC0D961AC9FF}.Debug|Any CPU.ActiveCfg = Debug|Any CPU
		{5F1C70DA-F5E6-45D0-A591-CC0D961AC9FF}.Debug|Any CPU.Build.0 = Debug|Any CPU
		{5F1C70DA-F5E6-45D0-A591-CC0D961AC9FF}.Release|Any CPU.ActiveCfg = Release|Any CPU
		{5F1C70DA-F5E6-45D0-A591-CC0D961AC9FF}.Release|Any CPU.Build.0 = Release|Any CPU
	EndGlobalSection
	GlobalSection(SolutionProperties) = preSolution
		HideSolutionNode = FALSE
	EndGlobalSection
	GlobalSection(ExtensibilityGlobals) = postSolution
		SolutionGuid = {A9028484-1115-4AEC-A2EC-516D8C943C10}
	EndGlobalSection
EndGlobal
